
Microsoft Visual Studio Solution File, Format Version 12.00
# Visual Studio Version 17
VisualStudioVersion = 17.8.34309.116
MinimumVisualStudioVersion = 10.0.40219.1
Project("{9A19103F-16F7-4668-BE54-9A1E7A4F7556}") = "LuxoftEvaluation", "LuxoftEvaluation.csproj", "{BA7A6904-D9A9-4037-816A-1E9FDC846BF8}"
EndProject
Project("{9A19103F-16F7-4668-BE54-9A1E7A4F7556}") = "LuxoftNTests", "LuxoftNTests\LuxoftNTests.csproj", "{EE9F94BF-7AA8-4577-B831-4DC755A2C83F}"
EndProject
Global
	GlobalSection(SolutionConfigurationPlatforms) = preSolution
		Debug|Any CPU = Debug|Any CPU
		Release|Any CPU = Release|Any CPU
	EndGlobalSection
	GlobalSection(ProjectConfigurationPlatforms) = postSolution
		{BA7A6904-D9A9-4037-816A-1E9FDC846BF8}.Debug|Any CPU.ActiveCfg = Debug|Any CPU
		{BA7A6904-D9A9-4037-816A-1E9FDC846BF8}.Debug|Any CPU.Build.0 = Debug|Any CPU
		{BA7A6904-D9A9-4037-816A-1E9FDC846BF8}.Release|Any CPU.ActiveCfg = Release|Any CPU
		{BA7A6904-D9A9-4037-816A-1E9FDC846BF8}.Release|Any CPU.Build.0 = Release|Any CPU
		{EE9F94BF-7AA8-4577-B831-4DC755A2C83F}.Debug|Any CPU.ActiveCfg = Debug|Any CPU
		{EE9F94BF-7AA8-4577-B831-4DC755A2C83F}.Debug|Any CPU.Build.0 = Debug|Any CPU
		{EE9F94BF-7AA8-4577-B831-4DC755A2C83F}.Release|Any CPU.ActiveCfg = Release|Any CPU
		{EE9F94BF-7AA8-4577-B831-4DC755A2C83F}.Release|Any CPU.Build.0 = Release|Any CPU
	EndGlobalSection
	GlobalSection(SolutionProperties) = preSolution
		HideSolutionNode = FALSE
	EndGlobalSection
	GlobalSection(ExtensibilityGlobals) = postSolution
		SolutionGuid = {6B225528-D4B5-4275-A878-C4801D960984}
	EndGlobalSection
EndGlobal
